
Microsoft Visual Studio Solution File, Format Version 12.00
# Visual Studio Version 17
VisualStudioVersion = 17.9.34902.65
MinimumVisualStudioVersion = 10.0.40219.1
Project("{FAE04EC0-301F-11D3-BF4B-00C04F79EFBC}") = "TodoApp.Server", "TodoApp.Server\TodoApp.Server.csproj", "{2D3BDF7A-BAEC-4064-86C1-D162B6A5E9C9}"
EndProject
Project("{54A90642-561A-4BB1-A94E-469ADEE60C69}") = "todoapp.client", "todoapp.client\todoapp.client.esproj", "{F6A1F152-B84F-4B1E-92A2-847466D4346E}"
EndProject
Global
	GlobalSection(SolutionConfigurationPlatforms) = preSolution
		Debug|Any CPU = Debug|Any CPU
		Release|Any CPU = Release|Any CPU
	EndGlobalSection
	GlobalSection(ProjectConfigurationPlatforms) = postSolution
		{2D3BDF7A-BAEC-4064-86C1-D162B6A5E9C9}.Debug|Any CPU.ActiveCfg = Debug|Any CPU
		{2D3BDF7A-BAEC-4064-86C1-D162B6A5E9C9}.Debug|Any CPU.Build.0 = Debug|Any CPU
		{2D3BDF7A-BAEC-4064-86C1-D162B6A5E9C9}.Release|Any CPU.ActiveCfg = Release|Any CPU
		{2D3BDF7A-BAEC-4064-86C1-D162B6A5E9C9}.Release|Any CPU.Build.0 = Release|Any CPU
		{F6A1F152-B84F-4B1E-92A2-847466D4346E}.Debug|Any CPU.ActiveCfg = Debug|Any CPU
		{F6A1F152-B84F-4B1E-92A2-847466D4346E}.Debug|Any CPU.Build.0 = Debug|Any CPU
		{F6A1F152-B84F-4B1E-92A2-847466D4346E}.Debug|Any CPU.Deploy.0 = Debug|Any CPU
		{F6A1F152-B84F-4B1E-92A2-847466D4346E}.Release|Any CPU.ActiveCfg = Release|Any CPU
		{F6A1F152-B84F-4B1E-92A2-847466D4346E}.Release|Any CPU.Build.0 = Release|Any CPU
		{F6A1F152-B84F-4B1E-92A2-847466D4346E}.Release|Any CPU.Deploy.0 = Release|Any CPU
	EndGlobalSection
	GlobalSection(SolutionProperties) = preSolution
		HideSolutionNode = FALSE
	EndGlobalSection
	GlobalSection(ExtensibilityGlobals) = postSolution
		SolutionGuid = {4014E187-3EDC-4B38-9B16-BFF6DBD2DDFA}
	EndGlobalSection
EndGlobal
